// !$*UTF8*$!
{
	archiveVersion = 1;
	classes = {
	};
	objectVersion = 56;
	objects = {

/* Begin PBXBuildFile section */
		92189F082BE0DCAB0039AFAA /* Product.swift in Sources */ = {isa = PBXBuildFile; fileRef = 92189F072BE0DCAB0039AFAA /* Product.swift */; };
		92189F0A2BE0ECD90039AFAA /* ModalData.swift in Sources */ = {isa = PBXBuildFile; fileRef = 92189F092BE0ECD90039AFAA /* ModalData.swift */; };
		92189F102BE25A510039AFAA /* background music.mp3 in Resources */ = {isa = PBXBuildFile; fileRef = 92189F0F2BE25A510039AFAA /* background music.mp3 */; };
		928C8C012BDB93B30088A578 /* Stay_on_BudgetApp.swift in Sources */ = {isa = PBXBuildFile; fileRef = 928C8C002BDB93B30088A578 /* Stay_on_BudgetApp.swift */; };
		928C8C032BDB93B30088A578 /* ContentView.swift in Sources */ = {isa = PBXBuildFile; fileRef = 928C8C022BDB93B30088A578 /* ContentView.swift */; };
		928C8C052BDB93B70088A578 /* Assets.xcassets in Resources */ = {isa = PBXBuildFile; fileRef = 928C8C042BDB93B70088A578 /* Assets.xcassets */; };
		928C8C082BDB93B70088A578 /* Preview Assets.xcassets in Resources */ = {isa = PBXBuildFile; fileRef = 928C8C072BDB93B70088A578 /* Preview Assets.xcassets */; };
		928C8C122BDB93B70088A578 /* Stay_on_BudgetTests.swift in Sources */ = {isa = PBXBuildFile; fileRef = 928C8C112BDB93B70088A578 /* Stay_on_BudgetTests.swift */; };
		928C8C1C2BDB93B70088A578 /* Stay_on_BudgetUITests.swift in Sources */ = {isa = PBXBuildFile; fileRef = 928C8C1B2BDB93B70088A578 /* Stay_on_BudgetUITests.swift */; };
		928C8C1E2BDB93B70088A578 /* Stay_on_BudgetUITestsLaunchTests.swift in Sources */ = {isa = PBXBuildFile; fileRef = 928C8C1D2BDB93B70088A578 /* Stay_on_BudgetUITestsLaunchTests.swift */; };
		928C8C2F2BDBAAA30088A578 /* Buttons.swift in Sources */ = {isa = PBXBuildFile; fileRef = 928C8C2E2BDBAAA30088A578 /* Buttons.swift */; };
		928C8C312BDBADDE0088A578 /* HomePageView.swift in Sources */ = {isa = PBXBuildFile; fileRef = 928C8C302BDBADDE0088A578 /* HomePageView.swift */; };
		928C8C332BDBB65C0088A578 /* InGameView.swift in Sources */ = {isa = PBXBuildFile; fileRef = 928C8C322BDBB65C0088A578 /* InGameView.swift */; };
		928C8C352BDBB6A90088A578 /* ScoresView.swift in Sources */ = {isa = PBXBuildFile; fileRef = 928C8C342BDBB6A90088A578 /* ScoresView.swift */; };
		928C8C372BDBBA190088A578 /* SingleDay-Regular.ttf in Resources */ = {isa = PBXBuildFile; fileRef = 928C8C362BDBBA190088A578 /* SingleDay-Regular.ttf */; };
		928C8C3A2BDE368A0088A578 /* CardView.swift in Sources */ = {isa = PBXBuildFile; fileRef = 928C8C392BDE368A0088A578 /* CardView.swift */; };
		929F2D262BE4E11B00411425 /* background music (2).mp3 in Resources */ = {isa = PBXBuildFile; fileRef = 929F2D252BE4E11B00411425 /* background music (2).mp3 */; };
		929F2D282BE4E21D00411425 /* kerching.mp3 in Resources */ = {isa = PBXBuildFile; fileRef = 929F2D272BE4E21D00411425 /* kerching.mp3 */; };
		929F2D2A2BE4E62700411425 /* click.mp3 in Resources */ = {isa = PBXBuildFile; fileRef = 929F2D292BE4E62700411425 /* click.mp3 */; };
		929F2D2E2BE4F52100411425 /* AppDelegate.swift in Sources */ = {isa = PBXBuildFile; fileRef = 929F2D2D2BE4F52100411425 /* AppDelegate.swift */; };
		929F2D302BE5E6B400411425 /* NetworkCheck.swift in Sources */ = {isa = PBXBuildFile; fileRef = 929F2D2F2BE5E6B400411425 /* NetworkCheck.swift */; };
		92A00C3D2BE4BFA400868FF2 /* SplashView.swift in Sources */ = {isa = PBXBuildFile; fileRef = 92A00C3C2BE4BFA400868FF2 /* SplashView.swift */; };
		92FBA7512BDE77BC00C82428 /* ModalView.swift in Sources */ = {isa = PBXBuildFile; fileRef = 92FBA7502BDE77BC00C82428 /* ModalView.swift */; };
		92FBA7532BDFE02400C82428 /* ResultView.swift in Sources */ = {isa = PBXBuildFile; fileRef = 92FBA7522BDFE02400C82428 /* ResultView.swift */; };
		92FBA7552BE0C9D700C82428 /* HighScoresModel.swift in Sources */ = {isa = PBXBuildFile; fileRef = 92FBA7542BE0C9D700C82428 /* HighScoresModel.swift */; };
		92FBA7572BE0D1B800C82428 /* GameLogic.swift in Sources */ = {isa = PBXBuildFile; fileRef = 92FBA7562BE0D1B800C82428 /* GameLogic.swift */; };
/* End PBXBuildFile section */

/* Begin PBXContainerItemProxy section */
		928C8C0E2BDB93B70088A578 /* PBXContainerItemProxy */ = {
			isa = PBXContainerItemProxy;
			containerPortal = 928C8BF52BDB93B30088A578 /* Project object */;
			proxyType = 1;
			remoteGlobalIDString = 928C8BFC2BDB93B30088A578;
			remoteInfo = "Stay on Budget";
		};
		928C8C182BDB93B70088A578 /* PBXContainerItemProxy */ = {
			isa = PBXContainerItemProxy;
			containerPortal = 928C8BF52BDB93B30088A578 /* Project object */;
			proxyType = 1;
			remoteGlobalIDString = 928C8BFC2BDB93B30088A578;
			remoteInfo = "Stay on Budget";
		};
/* End PBXContainerItemProxy section */

/* Begin PBXFileReference section */
		92189F072BE0DCAB0039AFAA /* Product.swift */ = {isa = PBXFileReference; lastKnownFileType = sourcecode.swift; path = Product.swift; sourceTree = "<group>"; };
		92189F092BE0ECD90039AFAA /* ModalData.swift */ = {isa = PBXFileReference; lastKnownFileType = sourcecode.swift; path = ModalData.swift; sourceTree = "<group>"; };
		92189F0F2BE25A510039AFAA /* background music.mp3 */ = {isa = PBXFileReference; lastKnownFileType = audio.mp3; path = "background music.mp3"; sourceTree = "<group>"; };
		928C8BFD2BDB93B30088A578 /* Stay on Budget.app */ = {isa = PBXFileReference; explicitFileType = wrapper.application; includeInIndex = 0; path = "Stay on Budget.app"; sourceTree = BUILT_PRODUCTS_DIR; };
		928C8C002BDB93B30088A578 /* Stay_on_BudgetApp.swift */ = {isa = PBXFileReference; lastKnownFileType = sourcecode.swift; path = Stay_on_BudgetApp.swift; sourceTree = "<group>"; };
		928C8C022BDB93B30088A578 /* ContentView.swift */ = {isa = PBXFileReference; lastKnownFileType = sourcecode.swift; path = ContentView.swift; sourceTree = "<group>"; };
		928C8C042BDB93B70088A578 /* Assets.xcassets */ = {isa = PBXFileReference; lastKnownFileType = folder.assetcatalog; path = Assets.xcassets; sourceTree = "<group>"; };
		928C8C072BDB93B70088A578 /* Preview Assets.xcassets */ = {isa = PBXFileReference; lastKnownFileType = folder.assetcatalog; path = "Preview Assets.xcassets"; sourceTree = "<group>"; };
		928C8C0D2BDB93B70088A578 /* Stay on BudgetTests.xctest */ = {isa = PBXFileReference; explicitFileType = wrapper.cfbundle; includeInIndex = 0; path = "Stay on BudgetTests.xctest"; sourceTree = BUILT_PRODUCTS_DIR; };
		928C8C112BDB93B70088A578 /* Stay_on_BudgetTests.swift */ = {isa = PBXFileReference; lastKnownFileType = sourcecode.swift; path = Stay_on_BudgetTests.swift; sourceTree = "<group>"; };
		928C8C172BDB93B70088A578 /* Stay on BudgetUITests.xctest */ = {isa = PBXFileReference; explicitFileType = wrapper.cfbundle; includeInIndex = 0; path = "Stay on BudgetUITests.xctest"; sourceTree = BUILT_PRODUCTS_DIR; };
		928C8C1B2BDB93B70088A578 /* Stay_on_BudgetUITests.swift */ = {isa = PBXFileReference; lastKnownFileType = sourcecode.swift; path = Stay_on_BudgetUITests.swift; sourceTree = "<group>"; };
		928C8C1D2BDB93B70088A578 /* Stay_on_BudgetUITestsLaunchTests.swift */ = {isa = PBXFileReference; lastKnownFileType = sourcecode.swift; path = Stay_on_BudgetUITestsLaunchTests.swift; sourceTree = "<group>"; };
		928C8C2E2BDBAAA30088A578 /* Buttons.swift */ = {isa = PBXFileReference; lastKnownFileType = sourcecode.swift; path = Buttons.swift; sourceTree = "<group>"; };
		928C8C302BDBADDE0088A578 /* HomePageView.swift */ = {isa = PBXFileReference; lastKnownFileType = sourcecode.swift; path = HomePageView.swift; sourceTree = "<group>"; };
		928C8C322BDBB65C0088A578 /* InGameView.swift */ = {isa = PBXFileReference; lastKnownFileType = sourcecode.swift; path = InGameView.swift; sourceTree = "<group>"; };
		928C8C342BDBB6A90088A578 /* ScoresView.swift */ = {isa = PBXFileReference; lastKnownFileType = sourcecode.swift; path = ScoresView.swift; sourceTree = "<group>"; };
		928C8C362BDBBA190088A578 /* SingleDay-Regular.ttf */ = {isa = PBXFileReference; lastKnownFileType = file; path = "SingleDay-Regular.ttf"; sourceTree = "<group>"; };
		928C8C382BDBBA340088A578 /* Stay-on-Budget-Info.plist */ = {isa = PBXFileReference; lastKnownFileType = text.plist; path = "Stay-on-Budget-Info.plist"; sourceTree = SOURCE_ROOT; };
		928C8C392BDE368A0088A578 /* CardView.swift */ = {isa = PBXFileReference; lastKnownFileType = sourcecode.swift; path = CardView.swift; sourceTree = "<group>"; };
		929F2D252BE4E11B00411425 /* background music (2).mp3 */ = {isa = PBXFileReference; lastKnownFileType = audio.mp3; path = "background music (2).mp3"; sourceTree = "<group>"; };
		929F2D272BE4E21D00411425 /* kerching.mp3 */ = {isa = PBXFileReference; lastKnownFileType = audio.mp3; path = kerching.mp3; sourceTree = "<group>"; };
		929F2D292BE4E62700411425 /* click.mp3 */ = {isa = PBXFileReference; lastKnownFileType = audio.mp3; path = click.mp3; sourceTree = "<group>"; };
		929F2D2D2BE4F52100411425 /* AppDelegate.swift */ = {isa = PBXFileReference; lastKnownFileType = sourcecode.swift; path = AppDelegate.swift; sourceTree = "<group>"; };
		929F2D2F2BE5E6B400411425 /* NetworkCheck.swift */ = {isa = PBXFileReference; lastKnownFileType = sourcecode.swift; path = NetworkCheck.swift; sourceTree = "<group>"; };
		92A00C3C2BE4BFA400868FF2 /* SplashView.swift */ = {isa = PBXFileReference; lastKnownFileType = sourcecode.swift; path = SplashView.swift; sourceTree = "<group>"; };
		92FBA7502BDE77BC00C82428 /* ModalView.swift */ = {isa = PBXFileReference; lastKnownFileType = sourcecode.swift; path = ModalView.swift; sourceTree = "<group>"; };
		92FBA7522BDFE02400C82428 /* ResultView.swift */ = {isa = PBXFileReference; lastKnownFileType = sourcecode.swift; path = ResultView.swift; sourceTree = "<group>"; };
		92FBA7542BE0C9D700C82428 /* HighScoresModel.swift */ = {isa = PBXFileReference; lastKnownFileType = sourcecode.swift; path = HighScoresModel.swift; sourceTree = "<group>"; };
		92FBA7562BE0D1B800C82428 /* GameLogic.swift */ = {isa = PBXFileReference; lastKnownFileType = sourcecode.swift; path = GameLogic.swift; sourceTree = "<group>"; };
/* End PBXFileReference section */

/* Begin PBXFrameworksBuildPhase section */
		928C8BFA2BDB93B30088A578 /* Frameworks */ = {
			isa = PBXFrameworksBuildPhase;
			buildActionMask = 2147483647;
			files = (
			);
			runOnlyForDeploymentPostprocessing = 0;
		};
		928C8C0A2BDB93B70088A578 /* Frameworks */ = {
			isa = PBXFrameworksBuildPhase;
			buildActionMask = 2147483647;
			files = (
			);
			runOnlyForDeploymentPostprocessing = 0;
		};
		928C8C142BDB93B70088A578 /* Frameworks */ = {
			isa = PBXFrameworksBuildPhase;
			buildActionMask = 2147483647;
			files = (
			);
			runOnlyForDeploymentPostprocessing = 0;
		};
/* End PBXFrameworksBuildPhase section */

/* Begin PBXGroup section */
		928C8BF42BDB93B30088A578 = {
			isa = PBXGroup;
			children = (
				928C8BFF2BDB93B30088A578 /* Stay on Budget */,
				928C8C102BDB93B70088A578 /* Stay on BudgetTests */,
				928C8C1A2BDB93B70088A578 /* Stay on BudgetUITests */,
				928C8BFE2BDB93B30088A578 /* Products */,
			);
			sourceTree = "<group>";
		};
		928C8BFE2BDB93B30088A578 /* Products */ = {
			isa = PBXGroup;
			children = (
				928C8BFD2BDB93B30088A578 /* Stay on Budget.app */,
				928C8C0D2BDB93B70088A578 /* Stay on BudgetTests.xctest */,
				928C8C172BDB93B70088A578 /* Stay on BudgetUITests.xctest */,
			);
			name = Products;
			sourceTree = "<group>";
		};
		928C8BFF2BDB93B30088A578 /* Stay on Budget */ = {
			isa = PBXGroup;
			children = (
				928C8C382BDBBA340088A578 /* Stay-on-Budget-Info.plist */,
				928C8C002BDB93B30088A578 /* Stay_on_BudgetApp.swift */,
				928C8C2C2BDB94290088A578 /* Resources */,
				928C8C2B2BDB93ED0088A578 /* Model */,
				928C8C2A2BDB93E30088A578 /* Views */,
				928C8C022BDB93B30088A578 /* ContentView.swift */,
				928C8C042BDB93B70088A578 /* Assets.xcassets */,
				928C8C062BDB93B70088A578 /* Preview Content */,
			);
			path = "Stay on Budget";
			sourceTree = "<group>";
		};
		928C8C062BDB93B70088A578 /* Preview Content */ = {
			isa = PBXGroup;
			children = (
				928C8C072BDB93B70088A578 /* Preview Assets.xcassets */,
			);
			path = "Preview Content";
			sourceTree = "<group>";
		};
		928C8C102BDB93B70088A578 /* Stay on BudgetTests */ = {
			isa = PBXGroup;
			children = (
				928C8C112BDB93B70088A578 /* Stay_on_BudgetTests.swift */,
			);
			path = "Stay on BudgetTests";
			sourceTree = "<group>";
		};
		928C8C1A2BDB93B70088A578 /* Stay on BudgetUITests */ = {
			isa = PBXGroup;
			children = (
				928C8C1B2BDB93B70088A578 /* Stay_on_BudgetUITests.swift */,
				928C8C1D2BDB93B70088A578 /* Stay_on_BudgetUITestsLaunchTests.swift */,
			);
			path = "Stay on BudgetUITests";
			sourceTree = "<group>";
		};
		928C8C2A2BDB93E30088A578 /* Views */ = {
			isa = PBXGroup;
			children = (
				928C8C2D2BDBAA680088A578 /* Helper */,
				928C8C302BDBADDE0088A578 /* HomePageView.swift */,
				928C8C322BDBB65C0088A578 /* InGameView.swift */,
				928C8C342BDBB6A90088A578 /* ScoresView.swift */,
				92FBA7522BDFE02400C82428 /* ResultView.swift */,
				92A00C3C2BE4BFA400868FF2 /* SplashView.swift */,
			);
			path = Views;
			sourceTree = "<group>";
		};
		928C8C2B2BDB93ED0088A578 /* Model */ = {
			isa = PBXGroup;
			children = (
				92189F092BE0ECD90039AFAA /* ModalData.swift */,
				92FBA7542BE0C9D700C82428 /* HighScoresModel.swift */,
				92FBA7562BE0D1B800C82428 /* GameLogic.swift */,
				92189F072BE0DCAB0039AFAA /* Product.swift */,
			);
			path = Model;
			sourceTree = "<group>";
		};
		928C8C2C2BDB94290088A578 /* Resources */ = {
			isa = PBXGroup;
			children = (
				928C8C362BDBBA190088A578 /* SingleDay-Regular.ttf */,
				92189F0F2BE25A510039AFAA /* background music.mp3 */,
				929F2D252BE4E11B00411425 /* background music (2).mp3 */,
				929F2D272BE4E21D00411425 /* kerching.mp3 */,
				929F2D292BE4E62700411425 /* click.mp3 */,
			);
			path = Resources;
			sourceTree = "<group>";
		};
		928C8C2D2BDBAA680088A578 /* Helper */ = {
			isa = PBXGroup;
			children = (
				929F2D2D2BE4F52100411425 /* AppDelegate.swift */,
				928C8C2E2BDBAAA30088A578 /* Buttons.swift */,
				928C8C392BDE368A0088A578 /* CardView.swift */,
				92FBA7502BDE77BC00C82428 /* ModalView.swift */,
				929F2D2F2BE5E6B400411425 /* NetworkCheck.swift */,
			);
			path = Helper;
			sourceTree = "<group>";
		};
/* End PBXGroup section */

/* Begin PBXNativeTarget section */
		928C8BFC2BDB93B30088A578 /* Stay on Budget */ = {
			isa = PBXNativeTarget;
			buildConfigurationList = 928C8C212BDB93B70088A578 /* Build configuration list for PBXNativeTarget "Stay on Budget" */;
			buildPhases = (
				928C8BF92BDB93B30088A578 /* Sources */,
				928C8BFA2BDB93B30088A578 /* Frameworks */,
				928C8BFB2BDB93B30088A578 /* Resources */,
			);
			buildRules = (
			);
			dependencies = (
			);
			name = "Stay on Budget";
			productName = "Stay on Budget";
			productReference = 928C8BFD2BDB93B30088A578 /* Stay on Budget.app */;
			productType = "com.apple.product-type.application";
		};
		928C8C0C2BDB93B70088A578 /* Stay on BudgetTests */ = {
			isa = PBXNativeTarget;
			buildConfigurationList = 928C8C242BDB93B70088A578 /* Build configuration list for PBXNativeTarget "Stay on BudgetTests" */;
			buildPhases = (
				928C8C092BDB93B70088A578 /* Sources */,
				928C8C0A2BDB93B70088A578 /* Frameworks */,
				928C8C0B2BDB93B70088A578 /* Resources */,
			);
			buildRules = (
			);
			dependencies = (
				928C8C0F2BDB93B70088A578 /* PBXTargetDependency */,
			);
			name = "Stay on BudgetTests";
			productName = "Stay on BudgetTests";
			productReference = 928C8C0D2BDB93B70088A578 /* Stay on BudgetTests.xctest */;
			productType = "com.apple.product-type.bundle.unit-test";
		};
		928C8C162BDB93B70088A578 /* Stay on BudgetUITests */ = {
			isa = PBXNativeTarget;
			buildConfigurationList = 928C8C272BDB93B70088A578 /* Build configuration list for PBXNativeTarget "Stay on BudgetUITests" */;
			buildPhases = (
				928C8C132BDB93B70088A578 /* Sources */,
				928C8C142BDB93B70088A578 /* Frameworks */,
				928C8C152BDB93B70088A578 /* Resources */,
			);
			buildRules = (
			);
			dependencies = (
				928C8C192BDB93B70088A578 /* PBXTargetDependency */,
			);
			name = "Stay on BudgetUITests";
			productName = "Stay on BudgetUITests";
			productReference = 928C8C172BDB93B70088A578 /* Stay on BudgetUITests.xctest */;
			productType = "com.apple.product-type.bundle.ui-testing";
		};
/* End PBXNativeTarget section */

/* Begin PBXProject section */
		928C8BF52BDB93B30088A578 /* Project object */ = {
			isa = PBXProject;
			attributes = {
				BuildIndependentTargetsInParallel = 1;
				LastSwiftUpdateCheck = 1520;
				LastUpgradeCheck = 1520;
				TargetAttributes = {
					928C8BFC2BDB93B30088A578 = {
						CreatedOnToolsVersion = 15.2;
					};
					928C8C0C2BDB93B70088A578 = {
						CreatedOnToolsVersion = 15.2;
						TestTargetID = 928C8BFC2BDB93B30088A578;
					};
					928C8C162BDB93B70088A578 = {
						CreatedOnToolsVersion = 15.2;
						TestTargetID = 928C8BFC2BDB93B30088A578;
					};
				};
			};
			buildConfigurationList = 928C8BF82BDB93B30088A578 /* Build configuration list for PBXProject "Stay on Budget" */;
			compatibilityVersion = "Xcode 14.0";
			developmentRegion = en;
			hasScannedForEncodings = 0;
			knownRegions = (
				en,
				Base,
			);
			mainGroup = 928C8BF42BDB93B30088A578;
			productRefGroup = 928C8BFE2BDB93B30088A578 /* Products */;
			projectDirPath = "";
			projectRoot = "";
			targets = (
				928C8BFC2BDB93B30088A578 /* Stay on Budget */,
				928C8C0C2BDB93B70088A578 /* Stay on BudgetTests */,
				928C8C162BDB93B70088A578 /* Stay on BudgetUITests */,
			);
		};
/* End PBXProject section */

/* Begin PBXResourcesBuildPhase section */
		928C8BFB2BDB93B30088A578 /* Resources */ = {
			isa = PBXResourcesBuildPhase;
			buildActionMask = 2147483647;
			files = (
				929F2D2A2BE4E62700411425 /* click.mp3 in Resources */,
				928C8C082BDB93B70088A578 /* Preview Assets.xcassets in Resources */,
				928C8C052BDB93B70088A578 /* Assets.xcassets in Resources */,
				928C8C372BDBBA190088A578 /* SingleDay-Regular.ttf in Resources */,
				929F2D282BE4E21D00411425 /* kerching.mp3 in Resources */,
				929F2D262BE4E11B00411425 /* background music (2).mp3 in Resources */,
				92189F102BE25A510039AFAA /* background music.mp3 in Resources */,
			);
			runOnlyForDeploymentPostprocessing = 0;
		};
		928C8C0B2BDB93B70088A578 /* Resources */ = {
			isa = PBXResourcesBuildPhase;
			buildActionMask = 2147483647;
			files = (
			);
			runOnlyForDeploymentPostprocessing = 0;
		};
		928C8C152BDB93B70088A578 /* Resources */ = {
			isa = PBXResourcesBuildPhase;
			buildActionMask = 2147483647;
			files = (
			);
			runOnlyForDeploymentPostprocessing = 0;
		};
/* End PBXResourcesBuildPhase section */

/* Begin PBXSourcesBuildPhase section */
		928C8BF92BDB93B30088A578 /* Sources */ = {
			isa = PBXSourcesBuildPhase;
			buildActionMask = 2147483647;
			files = (
				928C8C3A2BDE368A0088A578 /* CardView.swift in Sources */,
				92A00C3D2BE4BFA400868FF2 /* SplashView.swift in Sources */,
				92FBA7552BE0C9D700C82428 /* HighScoresModel.swift in Sources */,
				928C8C2F2BDBAAA30088A578 /* Buttons.swift in Sources */,
				92189F0A2BE0ECD90039AFAA /* ModalData.swift in Sources */,
				928C8C352BDBB6A90088A578 /* ScoresView.swift in Sources */,
				928C8C032BDB93B30088A578 /* ContentView.swift in Sources */,
				92FBA7572BE0D1B800C82428 /* GameLogic.swift in Sources */,
				928C8C332BDBB65C0088A578 /* InGameView.swift in Sources */,
				92FBA7512BDE77BC00C82428 /* ModalView.swift in Sources */,
				929F2D302BE5E6B400411425 /* NetworkCheck.swift in Sources */,
				929F2D2E2BE4F52100411425 /* AppDelegate.swift in Sources */,
				92FBA7532BDFE02400C82428 /* ResultView.swift in Sources */,
				928C8C012BDB93B30088A578 /* Stay_on_BudgetApp.swift in Sources */,
				928C8C312BDBADDE0088A578 /* HomePageView.swift in Sources */,
				92189F082BE0DCAB0039AFAA /* Product.swift in Sources */,
			);
			runOnlyForDeploymentPostprocessing = 0;
		};
		928C8C092BDB93B70088A578 /* Sources */ = {
			isa = PBXSourcesBuildPhase;
			buildActionMask = 2147483647;
			files = (
				928C8C122BDB93B70088A578 /* Stay_on_BudgetTests.swift in Sources */,
			);
			runOnlyForDeploymentPostprocessing = 0;
		};
		928C8C132BDB93B70088A578 /* Sources */ = {
			isa = PBXSourcesBuildPhase;
			buildActionMask = 2147483647;
			files = (
				928C8C1C2BDB93B70088A578 /* Stay_on_BudgetUITests.swift in Sources */,
				928C8C1E2BDB93B70088A578 /* Stay_on_BudgetUITestsLaunchTests.swift in Sources */,
			);
			runOnlyForDeploymentPostprocessing = 0;
		};
/* End PBXSourcesBuildPhase section */

/* Begin PBXTargetDependency section */
		928C8C0F2BDB93B70088A578 /* PBXTargetDependency */ = {
			isa = PBXTargetDependency;
			target = 928C8BFC2BDB93B30088A578 /* Stay on Budget */;
			targetProxy = 928C8C0E2BDB93B70088A578 /* PBXContainerItemProxy */;
		};
		928C8C192BDB93B70088A578 /* PBXTargetDependency */ = {
			isa = PBXTargetDependency;
			target = 928C8BFC2BDB93B30088A578 /* Stay on Budget */;
			targetProxy = 928C8C182BDB93B70088A578 /* PBXContainerItemProxy */;
		};
/* End PBXTargetDependency section */

/* Begin XCBuildConfiguration section */
		928C8C1F2BDB93B70088A578 /* Debug */ = {
			isa = XCBuildConfiguration;
			buildSettings = {
				ALWAYS_SEARCH_USER_PATHS = NO;
				ASSETCATALOG_COMPILER_GENERATE_SWIFT_ASSET_SYMBOL_EXTENSIONS = YES;
				CLANG_ANALYZER_NONNULL = YES;
				CLANG_ANALYZER_NUMBER_OBJECT_CONVERSION = YES_AGGRESSIVE;
				CLANG_CXX_LANGUAGE_STANDARD = "gnu++20";
				CLANG_ENABLE_MODULES = YES;
				CLANG_ENABLE_OBJC_ARC = YES;
				CLANG_ENABLE_OBJC_WEAK = YES;
				CLANG_WARN_BLOCK_CAPTURE_AUTORELEASING = YES;
				CLANG_WARN_BOOL_CONVERSION = YES;
				CLANG_WARN_COMMA = YES;
				CLANG_WARN_CONSTANT_CONVERSION = YES;
				CLANG_WARN_DEPRECATED_OBJC_IMPLEMENTATIONS = YES;
				CLANG_WARN_DIRECT_OBJC_ISA_USAGE = YES_ERROR;
				CLANG_WARN_DOCUMENTATION_COMMENTS = YES;
				CLANG_WARN_EMPTY_BODY = YES;
				CLANG_WARN_ENUM_CONVERSION = YES;
				CLANG_WARN_INFINITE_RECURSION = YES;
				CLANG_WARN_INT_CONVERSION = YES;
				CLANG_WARN_NON_LITERAL_NULL_CONVERSION = YES;
				CLANG_WARN_OBJC_IMPLICIT_RETAIN_SELF = YES;
				CLANG_WARN_OBJC_LITERAL_CONVERSION = YES;
				CLANG_WARN_OBJC_ROOT_CLASS = YES_ERROR;
				CLANG_WARN_QUOTED_INCLUDE_IN_FRAMEWORK_HEADER = YES;
				CLANG_WARN_RANGE_LOOP_ANALYSIS = YES;
				CLANG_WARN_STRICT_PROTOTYPES = YES;
				CLANG_WARN_SUSPICIOUS_MOVE = YES;
				CLANG_WARN_UNGUARDED_AVAILABILITY = YES_AGGRESSIVE;
				CLANG_WARN_UNREACHABLE_CODE = YES;
				CLANG_WARN__DUPLICATE_METHOD_MATCH = YES;
				COPY_PHASE_STRIP = NO;
				DEBUG_INFORMATION_FORMAT = dwarf;
				ENABLE_STRICT_OBJC_MSGSEND = YES;
				ENABLE_TESTABILITY = YES;
				ENABLE_USER_SCRIPT_SANDBOXING = YES;
				GCC_C_LANGUAGE_STANDARD = gnu17;
				GCC_DYNAMIC_NO_PIC = NO;
				GCC_NO_COMMON_BLOCKS = YES;
				GCC_OPTIMIZATION_LEVEL = 0;
				GCC_PREPROCESSOR_DEFINITIONS = (
					"DEBUG=1",
					"$(inherited)",
				);
				GCC_WARN_64_TO_32_BIT_CONVERSION = YES;
				GCC_WARN_ABOUT_RETURN_TYPE = YES_ERROR;
				GCC_WARN_UNDECLARED_SELECTOR = YES;
				GCC_WARN_UNINITIALIZED_AUTOS = YES_AGGRESSIVE;
				GCC_WARN_UNUSED_FUNCTION = YES;
				GCC_WARN_UNUSED_VARIABLE = YES;
				IPHONEOS_DEPLOYMENT_TARGET = 17.2;
				LOCALIZATION_PREFERS_STRING_CATALOGS = YES;
				MTL_ENABLE_DEBUG_INFO = INCLUDE_SOURCE;
				MTL_FAST_MATH = YES;
				ONLY_ACTIVE_ARCH = YES;
				SDKROOT = iphoneos;
				SWIFT_ACTIVE_COMPILATION_CONDITIONS = "DEBUG $(inherited)";
				SWIFT_OPTIMIZATION_LEVEL = "-Onone";
			};
			name = Debug;
		};
		928C8C202BDB93B70088A578 /* Release */ = {
			isa = XCBuildConfiguration;
			buildSettings = {
				ALWAYS_SEARCH_USER_PATHS = NO;
				ASSETCATALOG_COMPILER_GENERATE_SWIFT_ASSET_SYMBOL_EXTENSIONS = YES;
				CLANG_ANALYZER_NONNULL = YES;
				CLANG_ANALYZER_NUMBER_OBJECT_CONVERSION = YES_AGGRESSIVE;
				CLANG_CXX_LANGUAGE_STANDARD = "gnu++20";
				CLANG_ENABLE_MODULES = YES;
				CLANG_ENABLE_OBJC_ARC = YES;
				CLANG_ENABLE_OBJC_WEAK = YES;
				CLANG_WARN_BLOCK_CAPTURE_AUTORELEASING = YES;
				CLANG_WARN_BOOL_CONVERSION = YES;
				CLANG_WARN_COMMA = YES;
				CLANG_WARN_CONSTANT_CONVERSION = YES;
				CLANG_WARN_DEPRECATED_OBJC_IMPLEMENTATIONS = YES;
				CLANG_WARN_DIRECT_OBJC_ISA_USAGE = YES_ERROR;
				CLANG_WARN_DOCUMENTATION_COMMENTS = YES;
				CLANG_WARN_EMPTY_BODY = YES;
				CLANG_WARN_ENUM_CONVERSION = YES;
				CLANG_WARN_INFINITE_RECURSION = YES;
				CLANG_WARN_INT_CONVERSION = YES;
				CLANG_WARN_NON_LITERAL_NULL_CONVERSION = YES;
				CLANG_WARN_OBJC_IMPLICIT_RETAIN_SELF = YES;
				CLANG_WARN_OBJC_LITERAL_CONVERSION = YES;
				CLANG_WARN_OBJC_ROOT_CLASS = YES_ERROR;
				CLANG_WARN_QUOTED_INCLUDE_IN_FRAMEWORK_HEADER = YES;
				CLANG_WARN_RANGE_LOOP_ANALYSIS = YES;
				CLANG_WARN_STRICT_PROTOTYPES = YES;
				CLANG_WARN_SUSPICIOUS_MOVE = YES;
				CLANG_WARN_UNGUARDED_AVAILABILITY = YES_AGGRESSIVE;
				CLANG_WARN_UNREACHABLE_CODE = YES;
				CLANG_WARN__DUPLICATE_METHOD_MATCH = YES;
				COPY_PHASE_STRIP = NO;
				DEBUG_INFORMATION_FORMAT = "dwarf-with-dsym";
				ENABLE_NS_ASSERTIONS = NO;
				ENABLE_STRICT_OBJC_MSGSEND = YES;
				ENABLE_USER_SCRIPT_SANDBOXING = YES;
				GCC_C_LANGUAGE_STANDARD = gnu17;
				GCC_NO_COMMON_BLOCKS = YES;
				GCC_WARN_64_TO_32_BIT_CONVERSION = YES;
				GCC_WARN_ABOUT_RETURN_TYPE = YES_ERROR;
				GCC_WARN_UNDECLARED_SELECTOR = YES;
				GCC_WARN_UNINITIALIZED_AUTOS = YES_AGGRESSIVE;
				GCC_WARN_UNUSED_FUNCTION = YES;
				GCC_WARN_UNUSED_VARIABLE = YES;
				IPHONEOS_DEPLOYMENT_TARGET = 17.2;
				LOCALIZATION_PREFERS_STRING_CATALOGS = YES;
				MTL_ENABLE_DEBUG_INFO = NO;
				MTL_FAST_MATH = YES;
				SDKROOT = iphoneos;
				SWIFT_COMPILATION_MODE = wholemodule;
				VALIDATE_PRODUCT = YES;
			};
			name = Release;
		};
		928C8C222BDB93B70088A578 /* Debug */ = {
			isa = XCBuildConfiguration;
			buildSettings = {
				ASSETCATALOG_COMPILER_APPICON_NAME = AppIcon;
				ASSETCATALOG_COMPILER_GLOBAL_ACCENT_COLOR_NAME = AccentColor;
				ASSETCATALOG_COMPILER_INCLUDE_ALL_APPICON_ASSETS = NO;
				CODE_SIGN_STYLE = Automatic;
				CURRENT_PROJECT_VERSION = 1;
				DEVELOPMENT_ASSET_PATHS = "\"Stay on Budget/Preview Content\"";
				DEVELOPMENT_TEAM = KDM6FL3S9W;
				ENABLE_PREVIEWS = YES;
				GENERATE_INFOPLIST_FILE = YES;
				INFOPLIST_FILE = "Stay-on-Budget-Info.plist";
				INFOPLIST_KEY_LSApplicationCategoryType = "public.app-category.games";
				INFOPLIST_KEY_UIApplicationSupportsIndirectInputEvents = YES;
				INFOPLIST_KEY_UILaunchScreen_Generation = YES;
				INFOPLIST_KEY_UIStatusBarStyle = "";
				INFOPLIST_KEY_UISupportedInterfaceOrientations = UIInterfaceOrientationPortrait;
				INFOPLIST_KEY_UISupportedInterfaceOrientations_iPad = "UIInterfaceOrientationLandscapeLeft UIInterfaceOrientationLandscapeRight UIInterfaceOrientationPortrait UIInterfaceOrientationPortraitUpsideDown";
				INFOPLIST_KEY_UIUserInterfaceStyle = Light;
				LD_RUNPATH_SEARCH_PATHS = (
					"$(inherited)",
					"@executable_path/Frameworks",
				);
				MARKETING_VERSION = 1.0;
				PRODUCT_BUNDLE_IDENTIFIER = "test.Stay-on-Budget";
				PRODUCT_NAME = "$(TARGET_NAME)";
				SUPPORTED_PLATFORMS = "iphoneos iphonesimulator";
				SUPPORTS_MACCATALYST = NO;
				SUPPORTS_MAC_DESIGNED_FOR_IPHONE_IPAD = NO;
				SUPPORTS_XR_DESIGNED_FOR_IPHONE_IPAD = NO;
				SWIFT_EMIT_LOC_STRINGS = YES;
				SWIFT_VERSION = 5.0;
				TARGETED_DEVICE_FAMILY = 1;
			};
			name = Debug;
		};
		928C8C232BDB93B70088A578 /* Release */ = {
			isa = XCBuildConfiguration;
			buildSettings = {
				ASSETCATALOG_COMPILER_APPICON_NAME = AppIcon;
				ASSETCATALOG_COMPILER_GLOBAL_ACCENT_COLOR_NAME = AccentColor;
				ASSETCATALOG_COMPILER_INCLUDE_ALL_APPICON_ASSETS = NO;
				CODE_SIGN_STYLE = Automatic;
				CURRENT_PROJECT_VERSION = 1;
				DEVELOPMENT_ASSET_PATHS = "\"Stay on Budget/Preview Content\"";
				DEVELOPMENT_TEAM = KDM6FL3S9W;
				ENABLE_PREVIEWS = YES;
				GENERATE_INFOPLIST_FILE = YES;
				INFOPLIST_FILE = "Stay-on-Budget-Info.plist";
				INFOPLIST_KEY_LSApplicationCategoryType = "public.app-category.games";
				INFOPLIST_KEY_UIApplicationSupportsIndirectInputEvents = YES;
				INFOPLIST_KEY_UILaunchScreen_Generation = YES;
				INFOPLIST_KEY_UIStatusBarStyle = "";
				INFOPLIST_KEY_UISupportedInterfaceOrientations = UIInterfaceOrientationPortrait;
				INFOPLIST_KEY_UISupportedInterfaceOrientations_iPad = "UIInterfaceOrientationLandscapeLeft UIInterfaceOrientationLandscapeRight UIInterfaceOrientationPortrait UIInterfaceOrientationPortraitUpsideDown";
				INFOPLIST_KEY_UIUserInterfaceStyle = Light;
				LD_RUNPATH_SEARCH_PATHS = (
					"$(inherited)",
					"@executable_path/Frameworks",
				);
				MARKETING_VERSION = 1.0;
				PRODUCT_BUNDLE_IDENTIFIER = "test.Stay-on-Budget";
				PRODUCT_NAME = "$(TARGET_NAME)";
				SUPPORTED_PLATFORMS = "iphoneos iphonesimulator";
				SUPPORTS_MACCATALYST = NO;
				SUPPORTS_MAC_DESIGNED_FOR_IPHONE_IPAD = NO;
				SUPPORTS_XR_DESIGNED_FOR_IPHONE_IPAD = NO;
				SWIFT_EMIT_LOC_STRINGS = YES;
				SWIFT_VERSION = 5.0;
				TARGETED_DEVICE_FAMILY = 1;
			};
			name = Release;
		};
		928C8C252BDB93B70088A578 /* Debug */ = {
			isa = XCBuildConfiguration;
			buildSettings = {
				ALWAYS_EMBED_SWIFT_STANDARD_LIBRARIES = YES;
				BUNDLE_LOADER = "$(TEST_HOST)";
				CODE_SIGN_STYLE = Automatic;
				CURRENT_PROJECT_VERSION = 1;
				GENERATE_INFOPLIST_FILE = YES;
				IPHONEOS_DEPLOYMENT_TARGET = 17.2;
				MARKETING_VERSION = 1.0;
				PRODUCT_BUNDLE_IDENTIFIER = "test.Stay-on-BudgetTests";
				PRODUCT_NAME = "$(TARGET_NAME)";
				SWIFT_EMIT_LOC_STRINGS = NO;
				SWIFT_VERSION = 5.0;
				TARGETED_DEVICE_FAMILY = "1,2";
				TEST_HOST = "$(BUILT_PRODUCTS_DIR)/Stay on Budget.app/$(BUNDLE_EXECUTABLE_FOLDER_PATH)/Stay on Budget";
			};
			name = Debug;
		};
		928C8C262BDB93B70088A578 /* Release */ = {
			isa = XCBuildConfiguration;
			buildSettings = {
				ALWAYS_EMBED_SWIFT_STANDARD_LIBRARIES = YES;
				BUNDLE_LOADER = "$(TEST_HOST)";
				CODE_SIGN_STYLE = Automatic;
				CURRENT_PROJECT_VERSION = 1;
				GENERATE_INFOPLIST_FILE = YES;
				IPHONEOS_DEPLOYMENT_TARGET = 17.2;
				MARKETING_VERSION = 1.0;
				PRODUCT_BUNDLE_IDENTIFIER = "test.Stay-on-BudgetTests";
				PRODUCT_NAME = "$(TARGET_NAME)";
				SWIFT_EMIT_LOC_STRINGS = NO;
				SWIFT_VERSION = 5.0;
				TARGETED_DEVICE_FAMILY = "1,2";
				TEST_HOST = "$(BUILT_PRODUCTS_DIR)/Stay on Budget.app/$(BUNDLE_EXECUTABLE_FOLDER_PATH)/Stay on Budget";
			};
			name = Release;
		};
		928C8C282BDB93B70088A578 /* Debug */ = {
			isa = XCBuildConfiguration;
			buildSettings = {
				ALWAYS_EMBED_SWIFT_STANDARD_LIBRARIES = YES;
				CODE_SIGN_STYLE = Automatic;
				CURRENT_PROJECT_VERSION = 1;
				GENERATE_INFOPLIST_FILE = YES;
				MARKETING_VERSION = 1.0;
				PRODUCT_BUNDLE_IDENTIFIER = "test.Stay-on-BudgetUITests";
				PRODUCT_NAME = "$(TARGET_NAME)";
				SWIFT_EMIT_LOC_STRINGS = NO;
				SWIFT_VERSION = 5.0;
				TARGETED_DEVICE_FAMILY = "1,2";
				TEST_TARGET_NAME = "Stay on Budget";
			};
			name = Debug;
		};
		928C8C292BDB93B70088A578 /* Release */ = {
			isa = XCBuildConfiguration;
			buildSettings = {
				ALWAYS_EMBED_SWIFT_STANDARD_LIBRARIES = YES;
				CODE_SIGN_STYLE = Automatic;
				CURRENT_PROJECT_VERSION = 1;
				GENERATE_INFOPLIST_FILE = YES;
				MARKETING_VERSION = 1.0;
				PRODUCT_BUNDLE_IDENTIFIER = "test.Stay-on-BudgetUITests";
				PRODUCT_NAME = "$(TARGET_NAME)";
				SWIFT_EMIT_LOC_STRINGS = NO;
				SWIFT_VERSION = 5.0;
				TARGETED_DEVICE_FAMILY = "1,2";
				TEST_TARGET_NAME = "Stay on Budget";
			};
			name = Release;
		};
/* End XCBuildConfiguration section */

/* Begin XCConfigurationList section */
		928C8BF82BDB93B30088A578 /* Build configuration list for PBXProject "Stay on Budget" */ = {
			isa = XCConfigurationList;
			buildConfigurations = (
				928C8C1F2BDB93B70088A578 /* Debug */,
				928C8C202BDB93B70088A578 /* Release */,
			);
			defaultConfigurationIsVisible = 0;
			defaultConfigurationName = Release;
		};
		928C8C212BDB93B70088A578 /* Build configuration list for PBXNativeTarget "Stay on Budget" */ = {
			isa = XCConfigurationList;
			buildConfigurations = (
				928C8C222BDB93B70088A578 /* Debug */,
				928C8C232BDB93B70088A578 /* Release */,
			);
			defaultConfigurationIsVisible = 0;
			defaultConfigurationName = Release;
		};
		928C8C242BDB93B70088A578 /* Build configuration list for PBXNativeTarget "Stay on BudgetTests" */ = {
			isa = XCConfigurationList;
			buildConfigurations = (
				928C8C252BDB93B70088A578 /* Debug */,
				928C8C262BDB93B70088A578 /* Release */,
			);
			defaultConfigurationIsVisible = 0;
			defaultConfigurationName = Release;
		};
		928C8C272BDB93B70088A578 /* Build configuration list for PBXNativeTarget "Stay on BudgetUITests" */ = {
			isa = XCConfigurationList;
			buildConfigurations = (
				928C8C282BDB93B70088A578 /* Debug */,
				928C8C292BDB93B70088A578 /* Release */,
			);
			defaultConfigurationIsVisible = 0;
			defaultConfigurationName = Release;
		};
/* End XCConfigurationList section */
	};
	rootObject = 928C8BF52BDB93B30088A578 /* Project object */;
}
